
Microsoft Visual Studio Solution File, Format Version 12.00
# Visual Studio Version 17
VisualStudioVersion = 17.0.31919.166
MinimumVisualStudioVersion = 10.0.40219.1
Project("{9A19103F-16F7-4668-BE54-9A1E7A4F7556}") = "WebShopAPI", "WebShopAPI\WebShopAPI.csproj", "{1033BDC9-3351-4484-8EF8-DD52F4AEE804}"
EndProject
Project("{9A19103F-16F7-4668-BE54-9A1E7A4F7556}") = "WebShopAPITests4", "WebShopAPITests4\WebShopAPITests4.csproj", "{A0CF84DC-9555-46C6-8FD4-AA4327293C86}"
EndProject
Project("{FAE04EC0-301F-11D3-BF4B-00C04F79EFBC}") = "WebShopAPI.IntegrationTests", "WebShopAPI.IntegrationTests\WebShopAPI.IntegrationTests.csproj", "{ED86D0C8-075B-465D-81ED-D3264CFCF495}"
EndProject
Global
	GlobalSection(SolutionConfigurationPlatforms) = preSolution
		Debug|Any CPU = Debug|Any CPU
		Release|Any CPU = Release|Any CPU
	EndGlobalSection
	GlobalSection(ProjectConfigurationPlatforms) = postSolution
		{1033BDC9-3351-4484-8EF8-DD52F4AEE804}.Debug|Any CPU.ActiveCfg = Debug|Any CPU
		{1033BDC9-3351-4484-8EF8-DD52F4AEE804}.Debug|Any CPU.Build.0 = Debug|Any CPU
		{1033BDC9-3351-4484-8EF8-DD52F4AEE804}.Release|Any CPU.ActiveCfg = Release|Any CPU
		{1033BDC9-3351-4484-8EF8-DD52F4AEE804}.Release|Any CPU.Build.0 = Release|Any CPU
		{A0CF84DC-9555-46C6-8FD4-AA4327293C86}.Debug|Any CPU.ActiveCfg = Debug|Any CPU
		{A0CF84DC-9555-46C6-8FD4-AA4327293C86}.Debug|Any CPU.Build.0 = Debug|Any CPU
		{A0CF84DC-9555-46C6-8FD4-AA4327293C86}.Release|Any CPU.ActiveCfg = Release|Any CPU
		{A0CF84DC-9555-46C6-8FD4-AA4327293C86}.Release|Any CPU.Build.0 = Release|Any CPU
		{ED86D0C8-075B-465D-81ED-D3264CFCF495}.Debug|Any CPU.ActiveCfg = Debug|Any CPU
		{ED86D0C8-075B-465D-81ED-D3264CFCF495}.Debug|Any CPU.Build.0 = Debug|Any CPU
		{ED86D0C8-075B-465D-81ED-D3264CFCF495}.Release|Any CPU.ActiveCfg = Release|Any CPU
		{ED86D0C8-075B-465D-81ED-D3264CFCF495}.Release|Any CPU.Build.0 = Release|Any CPU
	EndGlobalSection
	GlobalSection(SolutionProperties) = preSolution
		HideSolutionNode = FALSE
	EndGlobalSection
	GlobalSection(ExtensibilityGlobals) = postSolution
		SolutionGuid = {078FFB79-B57D-4EB3-9C5F-C422A8915551}
	EndGlobalSection
EndGlobal
